{
  "version": 4,
  "terraform_version": "1.13.5",
  "serial": 26,
  "lineage": "dbf6b8d2-e81a-cd9d-300d-eb30feba17b1",
  "outputs": {},
  "resources": [
    {
      "mode": "data",
      "type": "kubectl_file_documents",
      "name": "backend",
      "provider": "provider[\"registry.terraform.io/gavinbunney/kubectl\"]",
      "instances": [
        {
          "schema_version": 0,
          "attributes": {
            "content": "apiVersion: apps/v1\r\nkind: Deployment\r\nmetadata:\r\n  name: backend-deployment\r\nspec:\r\n  replicas: 2\r\n  selector:\r\n    matchLabels:\r\n      app: backend\r\n  template:\r\n    metadata:\r\n      labels:\r\n        app: backend\r\n    spec:\r\n      containers:\r\n      - name: backend\r\n        image: backend-service:latest\r\n        imagePullPolicy: Never\r\n        ports:\r\n        - containerPort: 5000\r\n---\r\napiVersion: v1\r\nkind: Service\r\nmetadata:\r\n  name: backend-service\r\nspec:\r\n  type: ClusterIP\r\n  selector:\r\n    app: backend\r\n  ports:\r\n    - port: 5000\r\n      targetPort: 5000",
            "documents": [
              "apiVersion: apps/v1\r\nkind: Deployment\r\nmetadata:\r\n  name: backend-deployment\r\nspec:\r\n  replicas: 2\r\n  selector:\r\n    matchLabels:\r\n      app: backend\r\n  template:\r\n    metadata:\r\n      labels:\r\n        app: backend\r\n    spec:\r\n      containers:\r\n      - name: backend\r\n        image: backend-service:latest\r\n        imagePullPolicy: Never\r\n        ports:\r\n        - containerPort: 5000",
              "apiVersion: v1\r\nkind: Service\r\nmetadata:\r\n  name: backend-service\r\nspec:\r\n  type: ClusterIP\r\n  selector:\r\n    app: backend\r\n  ports:\r\n    - port: 5000\r\n      targetPort: 5000"
            ],
            "id": "51a7f8f8dd44694d7f522e79e8f7e0e59f0295153fb73b2093e16cc74fb3ff78",
            "manifests": {
              "/api/v1/services/backend-service": "apiVersion: v1\nkind: Service\nmetadata:\n  name: backend-service\nspec:\n  ports:\n  - port: 5000\n    targetPort: 5000\n  selector:\n    app: backend\n  type: ClusterIP\n",
              "/apis/apps/v1/deployments/backend-deployment": "apiVersion: apps/v1\nkind: Deployment\nmetadata:\n  name: backend-deployment\nspec:\n  replicas: 2\n  selector:\n    matchLabels:\n      app: backend\n  template:\n    metadata:\n      labels:\n        app: backend\n    spec:\n      containers:\n      - image: backend-service:latest\n        imagePullPolicy: Never\n        name: backend\n        ports:\n        - containerPort: 5000\n"
            }
          },
          "sensitive_attributes": [],
          "identity_schema_version": 0
        }
      ]
    },
    {
      "mode": "data",
      "type": "kubectl_file_documents",
      "name": "graph",
      "provider": "provider[\"registry.terraform.io/gavinbunney/kubectl\"]",
      "instances": [
        {
          "schema_version": 0,
          "attributes": {
            "content": "apiVersion: apps/v1\r\nkind: Deployment\r\nmetadata:\r\n  name: graph-deployment\r\nspec:\r\n  replicas: 2\r\n  selector:\r\n    matchLabels:\r\n      app: graph\r\n  template:\r\n    metadata:\r\n      labels:\r\n        app: graph\r\n    spec:\r\n      containers:\r\n      - name: graph\r\n        image: graph-service:latest\r\n        imagePullPolicy: Never\r\n        ports:\r\n        - containerPort: 5003\r\n---\r\napiVersion: v1\r\nkind: Service\r\nmetadata:\r\n  name: graph-service\r\nspec:\r\n  type: ClusterIP\r\n  selector:\r\n    app: graph\r\n  ports:\r\n    - port: 5003\r\n      targetPort: 5003",
            "documents": [
              "apiVersion: apps/v1\r\nkind: Deployment\r\nmetadata:\r\n  name: graph-deployment\r\nspec:\r\n  replicas: 2\r\n  selector:\r\n    matchLabels:\r\n      app: graph\r\n  template:\r\n    metadata:\r\n      labels:\r\n        app: graph\r\n    spec:\r\n      containers:\r\n      - name: graph\r\n        image: graph-service:latest\r\n        imagePullPolicy: Never\r\n        ports:\r\n        - containerPort: 5003",
              "apiVersion: v1\r\nkind: Service\r\nmetadata:\r\n  name: graph-service\r\nspec:\r\n  type: ClusterIP\r\n  selector:\r\n    app: graph\r\n  ports:\r\n    - port: 5003\r\n      targetPort: 5003"
            ],
            "id": "57ba8cca77286798cf396f00677d939fa06e09d914e807a7e2645a7b87825695",
            "manifests": {
              "/api/v1/services/graph-service": "apiVersion: v1\nkind: Service\nmetadata:\n  name: graph-service\nspec:\n  ports:\n  - port: 5003\n    targetPort: 5003\n  selector:\n    app: graph\n  type: ClusterIP\n",
              "/apis/apps/v1/deployments/graph-deployment": "apiVersion: apps/v1\nkind: Deployment\nmetadata:\n  name: graph-deployment\nspec:\n  replicas: 2\n  selector:\n    matchLabels:\n      app: graph\n  template:\n    metadata:\n      labels:\n        app: graph\n    spec:\n      containers:\n      - image: graph-service:latest\n        imagePullPolicy: Never\n        name: graph\n        ports:\n        - containerPort: 5003\n"
            }
          },
          "sensitive_attributes": [],
          "identity_schema_version": 0
        }
      ]
    },
    {
      "mode": "data",
      "type": "kubectl_file_documents",
      "name": "ingress",
      "provider": "provider[\"registry.terraform.io/gavinbunney/kubectl\"]",
      "instances": [
        {
          "schema_version": 0,
          "attributes": {
            "content": "apiVersion: networking.k8s.io/v1\r\nkind: Ingress\r\nmetadata:\r\n  name: main-ingress\r\n  annotations:\r\n    kubernetes.io/ingress.class: nginx\r\nspec:\r\n  rules:\r\n    - http:\r\n        paths:\r\n          # UI on /\r\n          - path: /\r\n            pathType: Prefix\r\n            backend:\r\n              service:\r\n                name: ui-service\r\n                port:\r\n                  number: 80\r\n\r\n          # Backend on /api\r\n          - path: /api\r\n            pathType: Prefix\r\n            backend:\r\n              service:\r\n                name: backend-service\r\n                port:\r\n                  number: 5000\r\n",
            "documents": [
              "apiVersion: networking.k8s.io/v1\r\nkind: Ingress\r\nmetadata:\r\n  name: main-ingress\r\n  annotations:\r\n    kubernetes.io/ingress.class: nginx\r\nspec:\r\n  rules:\r\n    - http:\r\n        paths:\r\n          # UI on /\r\n          - path: /\r\n            pathType: Prefix\r\n            backend:\r\n              service:\r\n                name: ui-service\r\n                port:\r\n                  number: 80\r\n\r\n          # Backend on /api\r\n          - path: /api\r\n            pathType: Prefix\r\n            backend:\r\n              service:\r\n                name: backend-service\r\n                port:\r\n                  number: 5000"
            ],
            "id": "fc68ca110d9cee52488db84e7871b677422c75c2ab01401cd7db4efc9dca6a24",
            "manifests": {
              "/apis/networking.k8s.io/v1/ingresses/main-ingress": "apiVersion: networking.k8s.io/v1\nkind: Ingress\nmetadata:\n  annotations:\n    kubernetes.io/ingress.class: nginx\n  name: main-ingress\nspec:\n  rules:\n  - http:\n      paths:\n      - backend:\n          service:\n            name: ui-service\n            port:\n              number: 80\n        path: /\n        pathType: Prefix\n      - backend:\n          service:\n            name: backend-service\n            port:\n              number: 5000\n        path: /api\n        pathType: Prefix\n"
            }
          },
          "sensitive_attributes": [],
          "identity_schema_version": 0
        }
      ]
    },
    {
      "mode": "data",
      "type": "kubectl_file_documents",
      "name": "ingress_controller",
      "provider": "provider[\"registry.terraform.io/gavinbunney/kubectl\"]",
      "instances": [
        {
          "schema_version": 0,
          "attributes": {
            "content": "apiVersion: v1\r\nkind: Namespace\r\nmetadata:\r\n  name: ingress-nginx\r\n---\r\napiVersion: v1\r\nkind: ServiceAccount\r\nmetadata:\r\n  name: ingress-nginx\r\n  namespace: ingress-nginx\r\n---\r\napiVersion: v1\r\nkind: Service\r\nmetadata:\r\n  name: ingress-nginx-controller\r\n  namespace: ingress-nginx\r\nspec:\r\n  type: NodePort\r\n  selector:\r\n    app: ingress-nginx\r\n  ports:\r\n    - name: http\r\n      port: 80\r\n      targetPort: 80\r\n      nodePort: 32080\r\n    - name: https\r\n      port: 443\r\n      targetPort: 443\r\n      nodePort: 32443\r\n---\r\napiVersion: apps/v1\r\nkind: Deployment\r\nmetadata:\r\n  name: ingress-nginx-controller\r\n  namespace: ingress-nginx\r\nspec:\r\n  replicas: 1\r\n  selector:\r\n    matchLabels:\r\n      app: ingress-nginx\r\n  template:\r\n    metadata:\r\n      labels:\r\n        app: ingress-nginx\r\n    spec:\r\n      serviceAccountName: ingress-nginx\r\n      containers:\r\n        - name: controller\r\n          image: registry.k8s.io/ingress-nginx/controller:v1.11.3\r\n          args:\r\n            - /nginx-ingress-controller\r\n            - --publish-service=$(POD_NAMESPACE)/ingress-nginx-controller\r\n            - --election-id=ingress-controller-leader\r\n            - --ingress-class=nginx\r\n            - --configmap=$(POD_NAMESPACE)/ingress-nginx-controller\r\n          ports:\r\n            - name: http\r\n              containerPort: 80\r\n            - name: https\r\n              containerPort: 443\r\n          readinessProbe:\r\n            httpGet:\r\n              path: /healthz\r\n              port: 10254\r\n          livenessProbe:\r\n            httpGet:\r\n              path: /healthz\r\n              port: 10254\r\n---\r\napiVersion: v1\r\nkind: ConfigMap\r\nmetadata:\r\n  name: ingress-nginx-controller\r\n  namespace: ingress-nginx\r\n",
            "documents": [
              "apiVersion: v1\r\nkind: Namespace\r\nmetadata:\r\n  name: ingress-nginx",
              "apiVersion: v1\r\nkind: ServiceAccount\r\nmetadata:\r\n  name: ingress-nginx\r\n  namespace: ingress-nginx",
              "apiVersion: v1\r\nkind: Service\r\nmetadata:\r\n  name: ingress-nginx-controller\r\n  namespace: ingress-nginx\r\nspec:\r\n  type: NodePort\r\n  selector:\r\n    app: ingress-nginx\r\n  ports:\r\n    - name: http\r\n      port: 80\r\n      targetPort: 80\r\n      nodePort: 32080\r\n    - name: https\r\n      port: 443\r\n      targetPort: 443\r\n      nodePort: 32443",
              "apiVersion: apps/v1\r\nkind: Deployment\r\nmetadata:\r\n  name: ingress-nginx-controller\r\n  namespace: ingress-nginx\r\nspec:\r\n  replicas: 1\r\n  selector:\r\n    matchLabels:\r\n      app: ingress-nginx\r\n  template:\r\n    metadata:\r\n      labels:\r\n        app: ingress-nginx\r\n    spec:\r\n      serviceAccountName: ingress-nginx\r\n      containers:\r\n        - name: controller\r\n          image: registry.k8s.io/ingress-nginx/controller:v1.11.3\r\n          args:\r\n            - /nginx-ingress-controller\r\n            - --publish-service=$(POD_NAMESPACE)/ingress-nginx-controller\r\n            - --election-id=ingress-controller-leader\r\n            - --ingress-class=nginx\r\n            - --configmap=$(POD_NAMESPACE)/ingress-nginx-controller\r\n          ports:\r\n            - name: http\r\n              containerPort: 80\r\n            - name: https\r\n              containerPort: 443\r\n          readinessProbe:\r\n            httpGet:\r\n              path: /healthz\r\n              port: 10254\r\n          livenessProbe:\r\n            httpGet:\r\n              path: /healthz\r\n              port: 10254",
              "apiVersion: v1\r\nkind: ConfigMap\r\nmetadata:\r\n  name: ingress-nginx-controller\r\n  namespace: ingress-nginx"
            ],
            "id": "92db3668e002e47d23077934650e982f120acd7c4df1b7cda727978073ce701f",
            "manifests": {
              "/api/v1/namespaces/ingress-nginx": "apiVersion: v1\nkind: Namespace\nmetadata:\n  name: ingress-nginx\n",
              "/api/v1/namespaces/ingress-nginx/configmaps/ingress-nginx-controller": "apiVersion: v1\nkind: ConfigMap\nmetadata:\n  name: ingress-nginx-controller\n  namespace: ingress-nginx\n",
              "/api/v1/namespaces/ingress-nginx/serviceaccounts/ingress-nginx": "apiVersion: v1\nkind: ServiceAccount\nmetadata:\n  name: ingress-nginx\n  namespace: ingress-nginx\n",
              "/api/v1/namespaces/ingress-nginx/services/ingress-nginx-controller": "apiVersion: v1\nkind: Service\nmetadata:\n  name: ingress-nginx-controller\n  namespace: ingress-nginx\nspec:\n  ports:\n  - name: http\n    nodePort: 32080\n    port: 80\n    targetPort: 80\n  - name: https\n    nodePort: 32443\n    port: 443\n    targetPort: 443\n  selector:\n    app: ingress-nginx\n  type: NodePort\n",
              "/apis/apps/v1/namespaces/ingress-nginx/deployments/ingress-nginx-controller": "apiVersion: apps/v1\nkind: Deployment\nmetadata:\n  name: ingress-nginx-controller\n  namespace: ingress-nginx\nspec:\n  replicas: 1\n  selector:\n    matchLabels:\n      app: ingress-nginx\n  template:\n    metadata:\n      labels:\n        app: ingress-nginx\n    spec:\n      containers:\n      - args:\n        - /nginx-ingress-controller\n        - --publish-service=$(POD_NAMESPACE)/ingress-nginx-controller\n        - --election-id=ingress-controller-leader\n        - --ingress-class=nginx\n        - --configmap=$(POD_NAMESPACE)/ingress-nginx-controller\n        image: registry.k8s.io/ingress-nginx/controller:v1.11.3\n        livenessProbe:\n          httpGet:\n            path: /healthz\n            port: 10254\n        name: controller\n        ports:\n        - containerPort: 80\n          name: http\n        - containerPort: 443\n          name: https\n        readinessProbe:\n          httpGet:\n            path: /healthz\n            port: 10254\n      serviceAccountName: ingress-nginx\n"
            }
          },
          "sensitive_attributes": [],
          "identity_schema_version": 0
        }
      ]
    },
    {
      "mode": "data",
      "type": "kubectl_file_documents",
      "name": "linkedlist",
      "provider": "provider[\"registry.terraform.io/gavinbunney/kubectl\"]",
      "instances": [
        {
          "schema_version": 0,
          "attributes": {
            "content": "apiVersion: apps/v1\r\nkind: Deployment\r\nmetadata:\r\n  name: linkedlist-deployment\r\nspec:\r\n  replicas: 2\r\n  selector:\r\n    matchLabels:\r\n      app: linkedlist\r\n  template:\r\n    metadata:\r\n      labels:\r\n        app: linkedlist\r\n    spec:\r\n      containers:\r\n      - name: linkedlist\r\n        image: linkedlist-service:latest\r\n        imagePullPolicy: Never\r\n        ports:\r\n        - containerPort: 5002\r\n---\r\napiVersion: v1\r\nkind: Service\r\nmetadata:\r\n  name: linkedlist-service\r\nspec:\r\n  type: ClusterIP\r\n  selector:\r\n    app: linkedlist\r\n  ports:\r\n    - port: 5002\r\n      targetPort: 5002",
            "documents": [
              "apiVersion: apps/v1\r\nkind: Deployment\r\nmetadata:\r\n  name: linkedlist-deployment\r\nspec:\r\n  replicas: 2\r\n  selector:\r\n    matchLabels:\r\n      app: linkedlist\r\n  template:\r\n    metadata:\r\n      labels:\r\n        app: linkedlist\r\n    spec:\r\n      containers:\r\n      - name: linkedlist\r\n        image: linkedlist-service:latest\r\n        imagePullPolicy: Never\r\n        ports:\r\n        - containerPort: 5002",
              "apiVersion: v1\r\nkind: Service\r\nmetadata:\r\n  name: linkedlist-service\r\nspec:\r\n  type: ClusterIP\r\n  selector:\r\n    app: linkedlist\r\n  ports:\r\n    - port: 5002\r\n      targetPort: 5002"
            ],
            "id": "60ef09abee0fb657040ed7168cf8664b50d8d8ad7fdd389dd3752f2b4f018797",
            "manifests": {
              "/api/v1/services/linkedlist-service": "apiVersion: v1\nkind: Service\nmetadata:\n  name: linkedlist-service\nspec:\n  ports:\n  - port: 5002\n    targetPort: 5002\n  selector:\n    app: linkedlist\n  type: ClusterIP\n",
              "/apis/apps/v1/deployments/linkedlist-deployment": "apiVersion: apps/v1\nkind: Deployment\nmetadata:\n  name: linkedlist-deployment\nspec:\n  replicas: 2\n  selector:\n    matchLabels:\n      app: linkedlist\n  template:\n    metadata:\n      labels:\n        app: linkedlist\n    spec:\n      containers:\n      - image: linkedlist-service:latest\n        imagePullPolicy: Never\n        name: linkedlist\n        ports:\n        - containerPort: 5002\n"
            }
          },
          "sensitive_attributes": [],
          "identity_schema_version": 0
        }
      ]
    },
    {
      "mode": "data",
      "type": "kubectl_file_documents",
      "name": "stack",
      "provider": "provider[\"registry.terraform.io/gavinbunney/kubectl\"]",
      "instances": [
        {
          "schema_version": 0,
          "attributes": {
            "content": "apiVersion: apps/v1\r\nkind: Deployment\r\nmetadata:\r\n  name: stack-deployment\r\nspec:\r\n  replicas: 2\r\n  selector:\r\n    matchLabels:\r\n      app: stack\r\n  template:\r\n    metadata:\r\n      labels:\r\n        app: stack\r\n    spec:\r\n      containers:\r\n      - name: stack\r\n        image: stack-service:latest\r\n        imagePullPolicy: Never\r\n        ports:\r\n        - containerPort: 5001\r\n---\r\napiVersion: v1\r\nkind: Service\r\nmetadata:\r\n  name: stack-service\r\nspec:\r\n  type: ClusterIP\r\n  selector:\r\n    app: stack\r\n  ports:\r\n    - port: 5001\r\n      targetPort: 5001",
            "documents": [
              "apiVersion: apps/v1\r\nkind: Deployment\r\nmetadata:\r\n  name: stack-deployment\r\nspec:\r\n  replicas: 2\r\n  selector:\r\n    matchLabels:\r\n      app: stack\r\n  template:\r\n    metadata:\r\n      labels:\r\n        app: stack\r\n    spec:\r\n      containers:\r\n      - name: stack\r\n        image: stack-service:latest\r\n        imagePullPolicy: Never\r\n        ports:\r\n        - containerPort: 5001",
              "apiVersion: v1\r\nkind: Service\r\nmetadata:\r\n  name: stack-service\r\nspec:\r\n  type: ClusterIP\r\n  selector:\r\n    app: stack\r\n  ports:\r\n    - port: 5001\r\n      targetPort: 5001"
            ],
            "id": "511d3f1ec28cf0cbce94433c38a15859a2efd4892e167020096a76defcae521a",
            "manifests": {
              "/api/v1/services/stack-service": "apiVersion: v1\nkind: Service\nmetadata:\n  name: stack-service\nspec:\n  ports:\n  - port: 5001\n    targetPort: 5001\n  selector:\n    app: stack\n  type: ClusterIP\n",
              "/apis/apps/v1/deployments/stack-deployment": "apiVersion: apps/v1\nkind: Deployment\nmetadata:\n  name: stack-deployment\nspec:\n  replicas: 2\n  selector:\n    matchLabels:\n      app: stack\n  template:\n    metadata:\n      labels:\n        app: stack\n    spec:\n      containers:\n      - image: stack-service:latest\n        imagePullPolicy: Never\n        name: stack\n        ports:\n        - containerPort: 5001\n"
            }
          },
          "sensitive_attributes": [],
          "identity_schema_version": 0
        }
      ]
    },
    {
      "mode": "data",
      "type": "kubectl_file_documents",
      "name": "ui",
      "provider": "provider[\"registry.terraform.io/gavinbunney/kubectl\"]",
      "instances": [
        {
          "schema_version": 0,
          "attributes": {
            "content": "apiVersion: apps/v1\r\nkind: Deployment\r\nmetadata:\r\n  name: ui-deployment\r\nspec:\r\n  replicas: 2\r\n  selector:\r\n    matchLabels:\r\n      app: ui\r\n  template:\r\n    metadata:\r\n      labels:\r\n        app: ui\r\n    spec:\r\n      containers:\r\n      - name: ui\r\n        image: ui-service:latest\r\n        imagePullPolicy: Never\r\n        ports:\r\n        - containerPort: 80\r\n---\r\napiVersion: v1\r\nkind: Service\r\nmetadata:\r\n  name: ui-service\r\nspec:\r\n  type: ClusterIP\r\n  selector:\r\n    app: ui\r\n  ports:\r\n    - port: 80\r\n      targetPort: 80",
            "documents": [
              "apiVersion: apps/v1\r\nkind: Deployment\r\nmetadata:\r\n  name: ui-deployment\r\nspec:\r\n  replicas: 2\r\n  selector:\r\n    matchLabels:\r\n      app: ui\r\n  template:\r\n    metadata:\r\n      labels:\r\n        app: ui\r\n    spec:\r\n      containers:\r\n      - name: ui\r\n        image: ui-service:latest\r\n        imagePullPolicy: Never\r\n        ports:\r\n        - containerPort: 80",
              "apiVersion: v1\r\nkind: Service\r\nmetadata:\r\n  name: ui-service\r\nspec:\r\n  type: ClusterIP\r\n  selector:\r\n    app: ui\r\n  ports:\r\n    - port: 80\r\n      targetPort: 80"
            ],
            "id": "5ae0786d3112245d5769ba4f6cd870c3cf2eb7b1c5995ab942030879ab54f075",
            "manifests": {
              "/api/v1/services/ui-service": "apiVersion: v1\nkind: Service\nmetadata:\n  name: ui-service\nspec:\n  ports:\n  - port: 80\n    targetPort: 80\n  selector:\n    app: ui\n  type: ClusterIP\n",
              "/apis/apps/v1/deployments/ui-deployment": "apiVersion: apps/v1\nkind: Deployment\nmetadata:\n  name: ui-deployment\nspec:\n  replicas: 2\n  selector:\n    matchLabels:\n      app: ui\n  template:\n    metadata:\n      labels:\n        app: ui\n    spec:\n      containers:\n      - image: ui-service:latest\n        imagePullPolicy: Never\n        name: ui\n        ports:\n        - containerPort: 80\n"
            }
          },
          "sensitive_attributes": [],
          "identity_schema_version": 0
        }
      ]
    },
    {
      "mode": "managed",
      "type": "kubectl_manifest",
      "name": "backend",
      "provider": "provider[\"registry.terraform.io/gavinbunney/kubectl\"]",
      "instances": [
        {
          "index_key": "/api/v1/services/backend-service",
          "schema_version": 1,
          "attributes": {
            "api_version": "v1",
            "apply_only": false,
            "force_conflicts": false,
            "force_new": false,
            "id": "/api/v1/namespaces/default/services/backend-service",
            "ignore_fields": null,
            "kind": "Service",
            "live_manifest_incluster": "f5b1d072241786f423f572cec37c96234786dbdb6b2f97de0ae640b4cda65754",
            "live_uid": "491b972e-6c9a-4559-9c63-d053e1c46828",
            "name": "backend-service",
            "namespace": null,
            "override_namespace": null,
            "sensitive_fields": null,
            "server_side_apply": false,
            "timeouts": null,
            "uid": "491b972e-6c9a-4559-9c63-d053e1c46828",
            "validate_schema": true,
            "wait": null,
            "wait_for_rollout": true,
            "yaml_body": "apiVersion: v1\nkind: Service\nmetadata:\n  name: backend-service\nspec:\n  ports:\n  - port: 5000\n    targetPort: 5000\n  selector:\n    app: backend\n  type: ClusterIP\n",
            "yaml_body_parsed": "apiVersion: v1\nkind: Service\nmetadata:\n  name: backend-service\nspec:\n  ports:\n  - port: 5000\n    targetPort: 5000\n  selector:\n    app: backend\n  type: ClusterIP\n",
            "yaml_incluster": "f5b1d072241786f423f572cec37c96234786dbdb6b2f97de0ae640b4cda65754"
          },
          "sensitive_attributes": [
            [
              {
                "type": "get_attr",
                "value": "live_manifest_incluster"
              }
            ],
            [
              {
                "type": "get_attr",
                "value": "yaml_body"
              }
            ],
            [
              {
                "type": "get_attr",
                "value": "yaml_incluster"
              }
            ]
          ],
          "identity_schema_version": 0,
          "private": "eyJlMmJmYjczMC1lY2FhLTExZTYtOGY4OC0zNDM2M2JjN2M0YzAiOnsiY3JlYXRlIjo2MDAwMDAwMDAwMDB9LCJzY2hlbWFfdmVyc2lvbiI6IjEifQ==",
          "dependencies": [
            "data.kubectl_file_documents.backend"
          ]
        }
      ]
    },
    {
      "mode": "managed",
      "type": "kubectl_manifest",
      "name": "graph",
      "provider": "provider[\"registry.terraform.io/gavinbunney/kubectl\"]",
      "instances": [
        {
          "index_key": "/api/v1/services/graph-service",
          "schema_version": 1,
          "attributes": {
            "api_version": "v1",
            "apply_only": false,
            "force_conflicts": false,
            "force_new": false,
            "id": "/api/v1/namespaces/default/services/graph-service",
            "ignore_fields": null,
            "kind": "Service",
            "live_manifest_incluster": "c56ca967b08916cbac8aa2ba897dea09a2dfc20000a49194d47e0cc5bb193d85",
            "live_uid": "20a31168-cde6-44c1-bc49-5c861e29c6c7",
            "name": "graph-service",
            "namespace": null,
            "override_namespace": null,
            "sensitive_fields": null,
            "server_side_apply": false,
            "timeouts": null,
            "uid": "20a31168-cde6-44c1-bc49-5c861e29c6c7",
            "validate_schema": true,
            "wait": null,
            "wait_for_rollout": true,
            "yaml_body": "apiVersion: v1\nkind: Service\nmetadata:\n  name: graph-service\nspec:\n  ports:\n  - port: 5003\n    targetPort: 5003\n  selector:\n    app: graph\n  type: ClusterIP\n",
            "yaml_body_parsed": "apiVersion: v1\nkind: Service\nmetadata:\n  name: graph-service\nspec:\n  ports:\n  - port: 5003\n    targetPort: 5003\n  selector:\n    app: graph\n  type: ClusterIP\n",
            "yaml_incluster": "c56ca967b08916cbac8aa2ba897dea09a2dfc20000a49194d47e0cc5bb193d85"
          },
          "sensitive_attributes": [
            [
              {
                "type": "get_attr",
                "value": "live_manifest_incluster"
              }
            ],
            [
              {
                "type": "get_attr",
                "value": "yaml_body"
              }
            ],
            [
              {
                "type": "get_attr",
                "value": "yaml_incluster"
              }
            ]
          ],
          "identity_schema_version": 0,
          "private": "eyJlMmJmYjczMC1lY2FhLTExZTYtOGY4OC0zNDM2M2JjN2M0YzAiOnsiY3JlYXRlIjo2MDAwMDAwMDAwMDB9LCJzY2hlbWFfdmVyc2lvbiI6IjEifQ==",
          "dependencies": [
            "data.kubectl_file_documents.graph"
          ]
        }
      ]
    },
    {
      "mode": "managed",
      "type": "kubectl_manifest",
      "name": "ingress",
      "provider": "provider[\"registry.terraform.io/gavinbunney/kubectl\"]",
      "instances": [
        {
          "index_key": "/apis/networking.k8s.io/v1/ingresses/main-ingress",
          "schema_version": 1,
          "attributes": {
            "api_version": "networking.k8s.io/v1",
            "apply_only": false,
            "force_conflicts": false,
            "force_new": false,
            "id": "/apis/networking.k8s.io/v1/namespaces/default/ingresses/main-ingress",
            "ignore_fields": null,
            "kind": "Ingress",
            "live_manifest_incluster": "95f7544ba57d48714b02a7abbb82483fd3359c9cb395e07413ceb9c4d9697832",
            "live_uid": "7009e39d-88ae-450e-b2f2-3918675832a4",
            "name": "main-ingress",
            "namespace": null,
            "override_namespace": null,
            "sensitive_fields": null,
            "server_side_apply": false,
            "timeouts": null,
            "uid": "7009e39d-88ae-450e-b2f2-3918675832a4",
            "validate_schema": true,
            "wait": null,
            "wait_for_rollout": true,
            "yaml_body": "apiVersion: networking.k8s.io/v1\nkind: Ingress\nmetadata:\n  annotations:\n    kubernetes.io/ingress.class: nginx\n  name: main-ingress\nspec:\n  rules:\n  - http:\n      paths:\n      - backend:\n          service:\n            name: ui-service\n            port:\n              number: 80\n        path: /\n        pathType: Prefix\n      - backend:\n          service:\n            name: backend-service\n            port:\n              number: 5000\n        path: /api\n        pathType: Prefix\n",
            "yaml_body_parsed": "apiVersion: networking.k8s.io/v1\nkind: Ingress\nmetadata:\n  annotations:\n    kubernetes.io/ingress.class: nginx\n  name: main-ingress\nspec:\n  rules:\n  - http:\n      paths:\n      - backend:\n          service:\n            name: ui-service\n            port:\n              number: 80\n        path: /\n        pathType: Prefix\n      - backend:\n          service:\n            name: backend-service\n            port:\n              number: 5000\n        path: /api\n        pathType: Prefix\n",
            "yaml_incluster": "95f7544ba57d48714b02a7abbb82483fd3359c9cb395e07413ceb9c4d9697832"
          },
          "sensitive_attributes": [
            [
              {
                "type": "get_attr",
                "value": "live_manifest_incluster"
              }
            ],
            [
              {
                "type": "get_attr",
                "value": "yaml_body"
              }
            ],
            [
              {
                "type": "get_attr",
                "value": "yaml_incluster"
              }
            ]
          ],
          "identity_schema_version": 0,
          "private": "eyJlMmJmYjczMC1lY2FhLTExZTYtOGY4OC0zNDM2M2JjN2M0YzAiOnsiY3JlYXRlIjo2MDAwMDAwMDAwMDB9LCJzY2hlbWFfdmVyc2lvbiI6IjEifQ==",
          "dependencies": [
            "data.kubectl_file_documents.ingress"
          ]
        }
      ]
    },
    {
      "mode": "managed",
      "type": "kubectl_manifest",
      "name": "ingress_controller",
      "provider": "provider[\"registry.terraform.io/gavinbunney/kubectl\"]",
      "instances": [
        {
          "index_key": "/api/v1/namespaces/ingress-nginx",
          "schema_version": 1,
          "attributes": {
            "api_version": "v1",
            "apply_only": false,
            "force_conflicts": false,
            "force_new": false,
            "id": "/api/v1/namespaces/ingress-nginx",
            "ignore_fields": null,
            "kind": "Namespace",
            "live_manifest_incluster": "e388b088e4b41fa7e3de9fcb29db3ac3bc719eeba3f1be9163931aab0dd9adfb",
            "live_uid": "740388e3-ced5-4b25-b3d9-0735370d0789",
            "name": "ingress-nginx",
            "namespace": null,
            "override_namespace": null,
            "sensitive_fields": null,
            "server_side_apply": false,
            "timeouts": null,
            "uid": "740388e3-ced5-4b25-b3d9-0735370d0789",
            "validate_schema": true,
            "wait": null,
            "wait_for_rollout": true,
            "yaml_body": "apiVersion: v1\nkind: Namespace\nmetadata:\n  name: ingress-nginx\n",
            "yaml_body_parsed": "apiVersion: v1\nkind: Namespace\nmetadata:\n  name: ingress-nginx\n",
            "yaml_incluster": "e388b088e4b41fa7e3de9fcb29db3ac3bc719eeba3f1be9163931aab0dd9adfb"
          },
          "sensitive_attributes": [
            [
              {
                "type": "get_attr",
                "value": "live_manifest_incluster"
              }
            ],
            [
              {
                "type": "get_attr",
                "value": "yaml_body"
              }
            ],
            [
              {
                "type": "get_attr",
                "value": "yaml_incluster"
              }
            ]
          ],
          "identity_schema_version": 0,
          "private": "eyJlMmJmYjczMC1lY2FhLTExZTYtOGY4OC0zNDM2M2JjN2M0YzAiOnsiY3JlYXRlIjo2MDAwMDAwMDAwMDB9LCJzY2hlbWFfdmVyc2lvbiI6IjEifQ==",
          "dependencies": [
            "data.kubectl_file_documents.ingress_controller"
          ]
        },
        {
          "index_key": "/api/v1/namespaces/ingress-nginx/configmaps/ingress-nginx-controller",
          "schema_version": 1,
          "attributes": {
            "api_version": "v1",
            "apply_only": false,
            "force_conflicts": false,
            "force_new": false,
            "id": "/api/v1/namespaces/ingress-nginx/configmaps/ingress-nginx-controller",
            "ignore_fields": null,
            "kind": "ConfigMap",
            "live_manifest_incluster": "7cc44ca20413b3feda68ec9f2b83544d9fd5dde056d74b5ab0843354c5a9617f",
            "live_uid": "70611724-7b0f-46f9-9b48-fa8c567ef4f8",
            "name": "ingress-nginx-controller",
            "namespace": "ingress-nginx",
            "override_namespace": null,
            "sensitive_fields": null,
            "server_side_apply": false,
            "timeouts": null,
            "uid": "70611724-7b0f-46f9-9b48-fa8c567ef4f8",
            "validate_schema": true,
            "wait": null,
            "wait_for_rollout": true,
            "yaml_body": "apiVersion: v1\nkind: ConfigMap\nmetadata:\n  name: ingress-nginx-controller\n  namespace: ingress-nginx\n",
            "yaml_body_parsed": "apiVersion: v1\nkind: ConfigMap\nmetadata:\n  name: ingress-nginx-controller\n  namespace: ingress-nginx\n",
            "yaml_incluster": "7cc44ca20413b3feda68ec9f2b83544d9fd5dde056d74b5ab0843354c5a9617f"
          },
          "sensitive_attributes": [
            [
              {
                "type": "get_attr",
                "value": "live_manifest_incluster"
              }
            ],
            [
              {
                "type": "get_attr",
                "value": "yaml_body"
              }
            ],
            [
              {
                "type": "get_attr",
                "value": "yaml_incluster"
              }
            ]
          ],
          "identity_schema_version": 0,
          "private": "eyJlMmJmYjczMC1lY2FhLTExZTYtOGY4OC0zNDM2M2JjN2M0YzAiOnsiY3JlYXRlIjo2MDAwMDAwMDAwMDB9LCJzY2hlbWFfdmVyc2lvbiI6IjEifQ==",
          "dependencies": [
            "data.kubectl_file_documents.ingress_controller"
          ]
        },
        {
          "index_key": "/api/v1/namespaces/ingress-nginx/serviceaccounts/ingress-nginx",
          "schema_version": 1,
          "attributes": {
            "api_version": "v1",
            "apply_only": false,
            "force_conflicts": false,
            "force_new": false,
            "id": "/api/v1/namespaces/ingress-nginx/serviceaccounts/ingress-nginx",
            "ignore_fields": null,
            "kind": "ServiceAccount",
            "live_manifest_incluster": "9746abe671a9f7369aa47cb71f07cc327d4291a64665c468ad1d42a767c20066",
            "live_uid": "6fdaea71-5b72-417d-bc9e-a0db0b090908",
            "name": "ingress-nginx",
            "namespace": "ingress-nginx",
            "override_namespace": null,
            "sensitive_fields": null,
            "server_side_apply": false,
            "timeouts": null,
            "uid": "6fdaea71-5b72-417d-bc9e-a0db0b090908",
            "validate_schema": true,
            "wait": null,
            "wait_for_rollout": true,
            "yaml_body": "apiVersion: v1\nkind: ServiceAccount\nmetadata:\n  name: ingress-nginx\n  namespace: ingress-nginx\n",
            "yaml_body_parsed": "apiVersion: v1\nkind: ServiceAccount\nmetadata:\n  name: ingress-nginx\n  namespace: ingress-nginx\n",
            "yaml_incluster": "9746abe671a9f7369aa47cb71f07cc327d4291a64665c468ad1d42a767c20066"
          },
          "sensitive_attributes": [
            [
              {
                "type": "get_attr",
                "value": "live_manifest_incluster"
              }
            ],
            [
              {
                "type": "get_attr",
                "value": "yaml_body"
              }
            ],
            [
              {
                "type": "get_attr",
                "value": "yaml_incluster"
              }
            ]
          ],
          "identity_schema_version": 0,
          "private": "eyJlMmJmYjczMC1lY2FhLTExZTYtOGY4OC0zNDM2M2JjN2M0YzAiOnsiY3JlYXRlIjo2MDAwMDAwMDAwMDB9LCJzY2hlbWFfdmVyc2lvbiI6IjEifQ==",
          "dependencies": [
            "data.kubectl_file_documents.ingress_controller"
          ]
        },
        {
          "index_key": "/api/v1/namespaces/ingress-nginx/services/ingress-nginx-controller",
          "schema_version": 1,
          "attributes": {
            "api_version": "v1",
            "apply_only": false,
            "force_conflicts": false,
            "force_new": false,
            "id": "/api/v1/namespaces/ingress-nginx/services/ingress-nginx-controller",
            "ignore_fields": null,
            "kind": "Service",
            "live_manifest_incluster": "66430d75ca3e247cb201ac7a66aad16c33885d720c00c0bfba214ed393091b55",
            "live_uid": "6e4e846b-93a0-4491-8436-af3924512525",
            "name": "ingress-nginx-controller",
            "namespace": "ingress-nginx",
            "override_namespace": null,
            "sensitive_fields": null,
            "server_side_apply": false,
            "timeouts": null,
            "uid": "6e4e846b-93a0-4491-8436-af3924512525",
            "validate_schema": true,
            "wait": null,
            "wait_for_rollout": true,
            "yaml_body": "apiVersion: v1\nkind: Service\nmetadata:\n  name: ingress-nginx-controller\n  namespace: ingress-nginx\nspec:\n  ports:\n  - name: http\n    nodePort: 32080\n    port: 80\n    targetPort: 80\n  - name: https\n    nodePort: 32443\n    port: 443\n    targetPort: 443\n  selector:\n    app: ingress-nginx\n  type: NodePort\n",
            "yaml_body_parsed": "apiVersion: v1\nkind: Service\nmetadata:\n  name: ingress-nginx-controller\n  namespace: ingress-nginx\nspec:\n  ports:\n  - name: http\n    nodePort: 32080\n    port: 80\n    targetPort: 80\n  - name: https\n    nodePort: 32443\n    port: 443\n    targetPort: 443\n  selector:\n    app: ingress-nginx\n  type: NodePort\n",
            "yaml_incluster": "66430d75ca3e247cb201ac7a66aad16c33885d720c00c0bfba214ed393091b55"
          },
          "sensitive_attributes": [
            [
              {
                "type": "get_attr",
                "value": "live_manifest_incluster"
              }
            ],
            [
              {
                "type": "get_attr",
                "value": "yaml_body"
              }
            ],
            [
              {
                "type": "get_attr",
                "value": "yaml_incluster"
              }
            ]
          ],
          "identity_schema_version": 0,
          "private": "eyJlMmJmYjczMC1lY2FhLTExZTYtOGY4OC0zNDM2M2JjN2M0YzAiOnsiY3JlYXRlIjo2MDAwMDAwMDAwMDB9LCJzY2hlbWFfdmVyc2lvbiI6IjEifQ==",
          "dependencies": [
            "data.kubectl_file_documents.ingress_controller"
          ]
        }
      ]
    },
    {
      "mode": "managed",
      "type": "kubectl_manifest",
      "name": "linkedlist",
      "provider": "provider[\"registry.terraform.io/gavinbunney/kubectl\"]",
      "instances": [
        {
          "index_key": "/api/v1/services/linkedlist-service",
          "schema_version": 1,
          "attributes": {
            "api_version": "v1",
            "apply_only": false,
            "force_conflicts": false,
            "force_new": false,
            "id": "/api/v1/namespaces/default/services/linkedlist-service",
            "ignore_fields": null,
            "kind": "Service",
            "live_manifest_incluster": "6eae23fa1662a758714de6532a02ffcae4e1b3306411befa960fd716e59ad833",
            "live_uid": "ad01a20b-e415-44fc-9bfb-a836f52c8096",
            "name": "linkedlist-service",
            "namespace": null,
            "override_namespace": null,
            "sensitive_fields": null,
            "server_side_apply": false,
            "timeouts": null,
            "uid": "ad01a20b-e415-44fc-9bfb-a836f52c8096",
            "validate_schema": true,
            "wait": null,
            "wait_for_rollout": true,
            "yaml_body": "apiVersion: v1\nkind: Service\nmetadata:\n  name: linkedlist-service\nspec:\n  ports:\n  - port: 5002\n    targetPort: 5002\n  selector:\n    app: linkedlist\n  type: ClusterIP\n",
            "yaml_body_parsed": "apiVersion: v1\nkind: Service\nmetadata:\n  name: linkedlist-service\nspec:\n  ports:\n  - port: 5002\n    targetPort: 5002\n  selector:\n    app: linkedlist\n  type: ClusterIP\n",
            "yaml_incluster": "6eae23fa1662a758714de6532a02ffcae4e1b3306411befa960fd716e59ad833"
          },
          "sensitive_attributes": [
            [
              {
                "type": "get_attr",
                "value": "live_manifest_incluster"
              }
            ],
            [
              {
                "type": "get_attr",
                "value": "yaml_body"
              }
            ],
            [
              {
                "type": "get_attr",
                "value": "yaml_incluster"
              }
            ]
          ],
          "identity_schema_version": 0,
          "private": "eyJlMmJmYjczMC1lY2FhLTExZTYtOGY4OC0zNDM2M2JjN2M0YzAiOnsiY3JlYXRlIjo2MDAwMDAwMDAwMDB9LCJzY2hlbWFfdmVyc2lvbiI6IjEifQ==",
          "dependencies": [
            "data.kubectl_file_documents.linkedlist"
          ]
        },
        {
          "index_key": "/apis/apps/v1/deployments/linkedlist-deployment",
          "schema_version": 1,
          "attributes": {
            "api_version": "apps/v1",
            "apply_only": false,
            "force_conflicts": false,
            "force_new": false,
            "id": "/apis/apps/v1/namespaces/default/deployments/linkedlist-deployment",
            "ignore_fields": null,
            "kind": "Deployment",
            "live_manifest_incluster": "079b214352cc93305c8b60e011c6c3e1828f5c9c3c8e959df642621fec158c9f",
            "live_uid": "d6d0fee2-bffe-4d33-a5f7-51f385b7f708",
            "name": "linkedlist-deployment",
            "namespace": null,
            "override_namespace": null,
            "sensitive_fields": null,
            "server_side_apply": false,
            "timeouts": null,
            "uid": "d6d0fee2-bffe-4d33-a5f7-51f385b7f708",
            "validate_schema": true,
            "wait": null,
            "wait_for_rollout": true,
            "yaml_body": "apiVersion: apps/v1\nkind: Deployment\nmetadata:\n  name: linkedlist-deployment\nspec:\n  replicas: 2\n  selector:\n    matchLabels:\n      app: linkedlist\n  template:\n    metadata:\n      labels:\n        app: linkedlist\n    spec:\n      containers:\n      - image: linkedlist-service:latest\n        imagePullPolicy: Never\n        name: linkedlist\n        ports:\n        - containerPort: 5002\n",
            "yaml_body_parsed": "apiVersion: apps/v1\nkind: Deployment\nmetadata:\n  name: linkedlist-deployment\nspec:\n  replicas: 2\n  selector:\n    matchLabels:\n      app: linkedlist\n  template:\n    metadata:\n      labels:\n        app: linkedlist\n    spec:\n      containers:\n      - image: linkedlist-service:latest\n        imagePullPolicy: Never\n        name: linkedlist\n        ports:\n        - containerPort: 5002\n",
            "yaml_incluster": "079b214352cc93305c8b60e011c6c3e1828f5c9c3c8e959df642621fec158c9f"
          },
          "sensitive_attributes": [
            [
              {
                "type": "get_attr",
                "value": "live_manifest_incluster"
              }
            ],
            [
              {
                "type": "get_attr",
                "value": "yaml_body"
              }
            ],
            [
              {
                "type": "get_attr",
                "value": "yaml_incluster"
              }
            ]
          ],
          "identity_schema_version": 0,
          "private": "eyJlMmJmYjczMC1lY2FhLTExZTYtOGY4OC0zNDM2M2JjN2M0YzAiOnsiY3JlYXRlIjo2MDAwMDAwMDAwMDB9LCJzY2hlbWFfdmVyc2lvbiI6IjEifQ==",
          "dependencies": [
            "data.kubectl_file_documents.linkedlist"
          ]
        }
      ]
    },
    {
      "mode": "managed",
      "type": "kubectl_manifest",
      "name": "stack",
      "provider": "provider[\"registry.terraform.io/gavinbunney/kubectl\"]",
      "instances": [
        {
          "index_key": "/api/v1/services/stack-service",
          "schema_version": 1,
          "attributes": {
            "api_version": "v1",
            "apply_only": false,
            "force_conflicts": false,
            "force_new": false,
            "id": "/api/v1/namespaces/default/services/stack-service",
            "ignore_fields": null,
            "kind": "Service",
            "live_manifest_incluster": "91a90e2745a4b6892875c51a7eb03e4d3e01ff1e901b4c59b103f8eb4cdcdab6",
            "live_uid": "4c168213-50ba-4e3f-bd6c-23ba3893b8b7",
            "name": "stack-service",
            "namespace": null,
            "override_namespace": null,
            "sensitive_fields": null,
            "server_side_apply": false,
            "timeouts": null,
            "uid": "4c168213-50ba-4e3f-bd6c-23ba3893b8b7",
            "validate_schema": true,
            "wait": null,
            "wait_for_rollout": true,
            "yaml_body": "apiVersion: v1\nkind: Service\nmetadata:\n  name: stack-service\nspec:\n  ports:\n  - port: 5001\n    targetPort: 5001\n  selector:\n    app: stack\n  type: ClusterIP\n",
            "yaml_body_parsed": "apiVersion: v1\nkind: Service\nmetadata:\n  name: stack-service\nspec:\n  ports:\n  - port: 5001\n    targetPort: 5001\n  selector:\n    app: stack\n  type: ClusterIP\n",
            "yaml_incluster": "91a90e2745a4b6892875c51a7eb03e4d3e01ff1e901b4c59b103f8eb4cdcdab6"
          },
          "sensitive_attributes": [
            [
              {
                "type": "get_attr",
                "value": "live_manifest_incluster"
              }
            ],
            [
              {
                "type": "get_attr",
                "value": "yaml_body"
              }
            ],
            [
              {
                "type": "get_attr",
                "value": "yaml_incluster"
              }
            ]
          ],
          "identity_schema_version": 0,
          "private": "eyJlMmJmYjczMC1lY2FhLTExZTYtOGY4OC0zNDM2M2JjN2M0YzAiOnsiY3JlYXRlIjo2MDAwMDAwMDAwMDB9LCJzY2hlbWFfdmVyc2lvbiI6IjEifQ==",
          "dependencies": [
            "data.kubectl_file_documents.stack"
          ]
        }
      ]
    },
    {
      "mode": "managed",
      "type": "kubectl_manifest",
      "name": "ui",
      "provider": "provider[\"registry.terraform.io/gavinbunney/kubectl\"]",
      "instances": [
        {
          "index_key": "/api/v1/services/ui-service",
          "schema_version": 1,
          "attributes": {
            "api_version": "v1",
            "apply_only": false,
            "force_conflicts": false,
            "force_new": false,
            "id": "/api/v1/namespaces/default/services/ui-service",
            "ignore_fields": null,
            "kind": "Service",
            "live_manifest_incluster": "ad17a8c96788212ecf193c557d71b10ba543e94ca5d64be3303c6f5ef11cdceb",
            "live_uid": "d4734d08-04da-4ea5-9d09-a65c8b8df0a0",
            "name": "ui-service",
            "namespace": null,
            "override_namespace": null,
            "sensitive_fields": null,
            "server_side_apply": false,
            "timeouts": null,
            "uid": "d4734d08-04da-4ea5-9d09-a65c8b8df0a0",
            "validate_schema": true,
            "wait": null,
            "wait_for_rollout": true,
            "yaml_body": "apiVersion: v1\nkind: Service\nmetadata:\n  name: ui-service\nspec:\n  ports:\n  - port: 80\n    targetPort: 80\n  selector:\n    app: ui\n  type: ClusterIP\n",
            "yaml_body_parsed": "apiVersion: v1\nkind: Service\nmetadata:\n  name: ui-service\nspec:\n  ports:\n  - port: 80\n    targetPort: 80\n  selector:\n    app: ui\n  type: ClusterIP\n",
            "yaml_incluster": "ad17a8c96788212ecf193c557d71b10ba543e94ca5d64be3303c6f5ef11cdceb"
          },
          "sensitive_attributes": [
            [
              {
                "type": "get_attr",
                "value": "live_manifest_incluster"
              }
            ],
            [
              {
                "type": "get_attr",
                "value": "yaml_body"
              }
            ],
            [
              {
                "type": "get_attr",
                "value": "yaml_incluster"
              }
            ]
          ],
          "identity_schema_version": 0,
          "private": "eyJlMmJmYjczMC1lY2FhLTExZTYtOGY4OC0zNDM2M2JjN2M0YzAiOnsiY3JlYXRlIjo2MDAwMDAwMDAwMDB9LCJzY2hlbWFfdmVyc2lvbiI6IjEifQ==",
          "dependencies": [
            "data.kubectl_file_documents.ui"
          ]
        }
      ]
    }
  ],
  "check_results": null
}
